
Microsoft Visual Studio Solution File, Format Version 12.00
# Visual Studio Version 17
VisualStudioVersion = 17.9.34607.119
MinimumVisualStudioVersion = 10.0.40219.1
Project("{FAE04EC0-301F-11D3-BF4B-00C04F79EFBC}") = "Seshayi_40972364_Prac5", "Seshayi_40972364_Prac5.csproj", "{24DE656B-60D3-442C-8968-82FD4E7F4DD5}"
EndProject
Global
	GlobalSection(SolutionConfigurationPlatforms) = preSolution
		Debug|Any CPU = Debug|Any CPU
		Release|Any CPU = Release|Any CPU
	EndGlobalSection
	GlobalSection(ProjectConfigurationPlatforms) = postSolution
		{24DE656B-60D3-442C-8968-82FD4E7F4DD5}.Debug|Any CPU.ActiveCfg = Debug|Any CPU
		{24DE656B-60D3-442C-8968-82FD4E7F4DD5}.Debug|Any CPU.Build.0 = Debug|Any CPU
		{24DE656B-60D3-442C-8968-82FD4E7F4DD5}.Release|Any CPU.ActiveCfg = Release|Any CPU
		{24DE656B-60D3-442C-8968-82FD4E7F4DD5}.Release|Any CPU.Build.0 = Release|Any CPU
	EndGlobalSection
	GlobalSection(SolutionProperties) = preSolution
		HideSolutionNode = FALSE
	EndGlobalSection
	GlobalSection(ExtensibilityGlobals) = postSolution
		SolutionGuid = {FAA522AA-A19E-4115-81F5-F18C19ADDF5A}
	EndGlobalSection
EndGlobal
